
Microsoft Visual Studio Solution File, Format Version 12.00
# Visual Studio Version 16
VisualStudioVersion = 16.0.30711.63
MinimumVisualStudioVersion = 10.0.40219.1
Project("{8BC9CEB8-8B4A-11D0-8D11-00A0C91BC942}") = "Lab12", "Lab12\Lab12.vcxproj", "{E80101C9-EEE1-4A05-99A5-574DD3A21342}"
EndProject
Global
	GlobalSection(SolutionConfigurationPlatforms) = preSolution
		Debug|x64 = Debug|x64
		Debug|x86 = Debug|x86
		Release|x64 = Release|x64
		Release|x86 = Release|x86
	EndGlobalSection
	GlobalSection(ProjectConfigurationPlatforms) = postSolution
		{E80101C9-EEE1-4A05-99A5-574DD3A21342}.Debug|x64.ActiveCfg = Debug|x64
		{E80101C9-EEE1-4A05-99A5-574DD3A21342}.Debug|x64.Build.0 = Debug|x64
		{E80101C9-EEE1-4A05-99A5-574DD3A21342}.Debug|x86.ActiveCfg = Debug|Win32
		{E80101C9-EEE1-4A05-99A5-574DD3A21342}.Debug|x86.Build.0 = Debug|Win32
		{E80101C9-EEE1-4A05-99A5-574DD3A21342}.Release|x64.ActiveCfg = Release|x64
		{E80101C9-EEE1-4A05-99A5-574DD3A21342}.Release|x64.Build.0 = Release|x64
		{E80101C9-EEE1-4A05-99A5-574DD3A21342}.Release|x86.ActiveCfg = Release|Win32
		{E80101C9-EEE1-4A05-99A5-574DD3A21342}.Release|x86.Build.0 = Release|Win32
	EndGlobalSection
	GlobalSection(SolutionProperties) = preSolution
		HideSolutionNode = FALSE
	EndGlobalSection
	GlobalSection(ExtensibilityGlobals) = postSolution
		SolutionGuid = {D72DA956-3936-4B34-9502-51D4FD1E22E7}
	EndGlobalSection
EndGlobal
